
Microsoft Visual Studio Solution File, Format Version 12.00
# Visual Studio Version 17
VisualStudioVersion = 17.14.36705.20
MinimumVisualStudioVersion = 10.0.40219.1
Project("{FAE04EC0-301F-11D3-BF4B-00C04F79EFBC}") = "MyWebApp", "MyWebApp.csproj", "{B079D74E-40D6-4F9D-A8C7-6B585AAC6689}"
EndProject
Global
	GlobalSection(SolutionConfigurationPlatforms) = preSolution
		Debug|Any CPU = Debug|Any CPU
		Release|Any CPU = Release|Any CPU
	EndGlobalSection
	GlobalSection(ProjectConfigurationPlatforms) = postSolution
		{B079D74E-40D6-4F9D-A8C7-6B585AAC6689}.Debug|Any CPU.ActiveCfg = Debug|Any CPU
		{B079D74E-40D6-4F9D-A8C7-6B585AAC6689}.Debug|Any CPU.Build.0 = Debug|Any CPU
		{B079D74E-40D6-4F9D-A8C7-6B585AAC6689}.Release|Any CPU.ActiveCfg = Release|Any CPU
		{B079D74E-40D6-4F9D-A8C7-6B585AAC6689}.Release|Any CPU.Build.0 = Release|Any CPU
	EndGlobalSection
	GlobalSection(SolutionProperties) = preSolution
		HideSolutionNode = FALSE
	EndGlobalSection
	GlobalSection(ExtensibilityGlobals) = postSolution
		SolutionGuid = {D2B90A38-B990-45AC-A696-B0EE34356CBD}
	EndGlobalSection
EndGlobal
